
Microsoft Visual Studio Solution File, Format Version 12.00
# Visual Studio Version 17
VisualStudioVersion = 17.3.32901.215
MinimumVisualStudioVersion = 10.0.40219.1
Project("{FAE04EC0-301F-11D3-BF4B-00C04F79EFBC}") = "csharp-lista-indirizzi", "csharp-lista-indirizzi.csproj", "{2FF583A8-C8EA-4045-95AF-6F5A9E0FD249}"
EndProject
Global
	GlobalSection(SolutionConfigurationPlatforms) = preSolution
		Debug|Any CPU = Debug|Any CPU
		Release|Any CPU = Release|Any CPU
	EndGlobalSection
	GlobalSection(ProjectConfigurationPlatforms) = postSolution
		{2FF583A8-C8EA-4045-95AF-6F5A9E0FD249}.Debug|Any CPU.ActiveCfg = Debug|Any CPU
		{2FF583A8-C8EA-4045-95AF-6F5A9E0FD249}.Debug|Any CPU.Build.0 = Debug|Any CPU
		{2FF583A8-C8EA-4045-95AF-6F5A9E0FD249}.Release|Any CPU.ActiveCfg = Release|Any CPU
		{2FF583A8-C8EA-4045-95AF-6F5A9E0FD249}.Release|Any CPU.Build.0 = Release|Any CPU
	EndGlobalSection
	GlobalSection(SolutionProperties) = preSolution
		HideSolutionNode = FALSE
	EndGlobalSection
	GlobalSection(ExtensibilityGlobals) = postSolution
		SolutionGuid = {32CCCCE4-8819-4CE3-9269-158C3B0480B3}
	EndGlobalSection
EndGlobal
